FORGE
  remote: http://forge.puppetlabs.com
  specs:
    ripienaar/concat (0.2.0)
    thias/bind (0.2.4)

GIT
  remote: git://github.com/9minutesnooze/borg-module.git
  ref: master
  sha: 66ed110a5ad1924abd8e6addd8e731e3683987b4
  specs:
    9minutesnooze/borg (0.0.1)

GIT
  remote: git://github.com/puppetlabs/puppetlabs-dhcp.git
  ref: master
  sha: 554d86b4a9f9e689f73ff8192a5d3dea107d23ba
  specs:
    dhcp (0.1.0)
      ripienaar/concat (>= 0.1.0)

DEPENDENCIES
  9minutesnooze/borg (>= 0)
  dhcp (>= 0)
  thias/bind (>= 0)

